<?xml version="1.0" encoding="utf-8"?>
<Project ToolsVersion="4.0" xmlns="http://schemas.microsoft.com/developer/msbuild/2003">
  <ItemGroup>
    <Filter Include="源文件">
      <UniqueIdentifier>{4FC737F1-C7A5-4376-A066-2A32D752A2FF}</UniqueIdentifier>
      <Extensions>cpp;c;cc;cxx;def;odl;idl;hpj;bat;asm;asmx</Extensions>
    </Filter>
    <Filter Include="头文件">
      <UniqueIdentifier>{93995380-89BD-4b04-88EB-625FBE52EBFB}</UniqueIdentifier>
      <Extensions>h;hh;hpp;hxx;hm;inl;inc;ipp;xsd</Extensions>
    </Filter>
    <Filter Include="资源文件">
      <UniqueIdentifier>{67DA6AB6-F800-4c08-8B7A-83BB121AAD01}</UniqueIdentifier>
      <Extensions>rc;ico;cur;bmp;dlg;rc2;rct;bin;rgs;gif;jpg;jpeg;jpe;resx;tiff;tif;png;wav;mfcribbon-ms</Extensions>
    </Filter>
    <Filter Include="Shaders">
      <UniqueIdentifier>{0b7d67d4-1a06-4ecc-a29f-0e962c85dfd8}</UniqueIdentifier>
    </Filter>
    <Filter Include="RacingGame">
      <UniqueIdentifier>{de77205f-3ecb-43af-80eb-3c087672ec86}</UniqueIdentifier>
    </Filter>
    <Filter Include="RacingGame\源文件">
      <UniqueIdentifier>{740833f6-5207-4d2e-b363-d158bbb31fa6}</UniqueIdentifier>
    </Filter>
    <Filter Include="RacingGame\头文件">
      <UniqueIdentifier>{542ff8c1-9faf-4a8f-8230-02c29de17270}</UniqueIdentifier>
    </Filter>
    <Filter Include="Common">
      <UniqueIdentifier>{65ed1211-3f9c-4676-9928-7f8398eb59b0}</UniqueIdentifier>
    </Filter>
    <Filter Include="Models">
      <UniqueIdentifier>{6f0436d1-2149-462a-b4f7-74a48e508f45}</UniqueIdentifier>
    </Filter>
    <Filter Include="Shadow">
      <UniqueIdentifier>{6cd2ae7c-d38e-430d-b919-e45acd81f8fa}</UniqueIdentifier>
    </Filter>
    <Filter Include="Shadow\头文件">
      <UniqueIdentifier>{507d1ba9-e590-499c-bb18-cbcca88b336c}</UniqueIdentifier>
    </Filter>
    <Filter Include="Shadow\源文件">
      <UniqueIdentifier>{4f01e5d4-b717-4851-85e2-c6a1f2e50b31}</UniqueIdentifier>
    </Filter>
  </ItemGroup>
  <ItemGroup>
    <ClCompile Include="ArcFramework.cpp">
      <Filter>源文件</Filter>
    </ClCompile>
    <ClCompile Include="Main.cpp">
      <Filter>源文件</Filter>
    </ClCompile>
    <ClCompile Include="ArcWindow.cpp">
      <Filter>源文件</Filter>
    </ClCompile>
    <ClCompile Include="ArcTool.cpp">
      <Filter>源文件</Filter>
    </ClCompile>
    <ClCompile Include="ArcInput.cpp">
      <Filter>源文件</Filter>
    </ClCompile>
    <ClCompile Include="ArcRHI.cpp">
      <Filter>源文件</Filter>
    </ClCompile>
    <ClCompile Include="ArcTime.cpp">
      <Filter>源文件</Filter>
    </ClCompile>
    <ClCompile Include="ArcRenderer.cpp">
      <Filter>源文件</Filter>
    </ClCompile>
    <ClCompile Include="ArcMaterial.cpp">
      <Filter>源文件</Filter>
    </ClCompile>
    <ClCompile Include="ArcGameObject.cpp">
      <Filter>源文件</Filter>
    </ClCompile>
    <ClCompile Include="ArcBehaviour.cpp">
      <Filter>源文件</Filter>
    </ClCompile>
    <ClCompile Include="ArcTransform.cpp">
      <Filter>源文件</Filter>
    </ClCompile>
    <ClCompile Include="ArcMesh.cpp">
      <Filter>源文件</Filter>
    </ClCompile>
    <ClCompile Include="ArcApplication.cpp">
      <Filter>源文件</Filter>
    </ClCompile>
    <ClCompile Include="ArcMath.cpp">
      <Filter>源文件</Filter>
    </ClCompile>
    <ClCompile Include="ArcScene.cpp">
      <Filter>源文件</Filter>
    </ClCompile>
    <ClCompile Include="Light.cpp">
      <Filter>源文件</Filter>
    </ClCompile>
    <ClCompile Include="ArcAssetLoader.cpp">
      <Filter>源文件</Filter>
    </ClCompile>
    <ClCompile Include="ArcAssets.cpp">
      <Filter>源文件</Filter>
    </ClCompile>
    <ClCompile Include="RacingGameAssets.cpp">
      <Filter>RacingGame\源文件</Filter>
    </ClCompile>
    <ClCompile Include="ArcTexture.cpp">
      <Filter>源文件</Filter>
    </ClCompile>
    <ClCompile Include="Common\DDSTextureLoader.cpp">
      <Filter>Common</Filter>
    </ClCompile>
    <ClCompile Include="DebugCameraMove.cpp">
      <Filter>RacingGame\源文件</Filter>
    </ClCompile>
    <ClCompile Include="ArcGeometryGenerator.cpp">
      <Filter>源文件</Filter>
    </ClCompile>
    <ClCompile Include="SkyboxFollowCamera.cpp">
      <Filter>RacingGame\源文件</Filter>
    </ClCompile>
    <ClCompile Include="DebugApplication.cpp">
      <Filter>RacingGame\源文件</Filter>
    </ClCompile>
    <ClCompile Include="RacingGameApplication.cpp">
      <Filter>RacingGame\源文件</Filter>
    </ClCompile>
    <ClCompile Include="CarMove.cpp">
      <Filter>RacingGame\源文件</Filter>
    </ClCompile>
    <ClCompile Include="CameraController.cpp">
      <Filter>RacingGame\源文件</Filter>
    </ClCompile>
    <ClCompile Include="WheelMove.cpp">
      <Filter>RacingGame\源文件</Filter>
    </ClCompile>
    <ClCompile Include="Common\Keyboard.cpp">
      <Filter>Common</Filter>
    </ClCompile>
    <ClCompile Include="Common\Mouse.cpp">
      <Filter>Common</Filter>
    </ClCompile>
    <ClCompile Include="ArcRenderToTexture.cpp">
      <Filter>源文件</Filter>
    </ClCompile>
    <ClCompile Include="ShadowAssets.cpp">
      <Filter>Shadow\源文件</Filter>
    </ClCompile>
    <ClCompile Include="ShadowApplication.cpp">
      <Filter>Shadow\源文件</Filter>
    </ClCompile>
    <ClCompile Include="ShadowCameraController.cpp">
      <Filter>Shadow\源文件</Filter>
    </ClCompile>
    <ClCompile Include="ArcOrthoCamera.cpp">
      <Filter>源文件</Filter>
    </ClCompile>
    <ClCompile Include="ArcCameraBase.cpp">
      <Filter>源文件</Filter>
    </ClCompile>
    <ClCompile Include="ArcPrespCamera.cpp">
      <Filter>源文件</Filter>
    </ClCompile>
    <ClCompile Include="ArcAABB.cpp">
      <Filter>源文件</Filter>
    </ClCompile>
    <ClCompile Include="ArcBvhNode.cpp">
      <Filter>源文件</Filter>
    </ClCompile>
    <ClCompile Include="ArcAABBGenerator.cpp">
      <Filter>源文件</Filter>
    </ClCompile>
  </ItemGroup>
  <ItemGroup>
    <ClInclude Include="ArcFramework.h">
      <Filter>头文件</Filter>
    </ClInclude>
    <ClInclude Include="CommonHeaders.h">
      <Filter>头文件</Filter>
    </ClInclude>
    <ClInclude Include="ArcWindow.h">
      <Filter>头文件</Filter>
    </ClInclude>
    <ClInclude Include="ArcTool.h">
      <Filter>头文件</Filter>
    </ClInclude>
    <ClInclude Include="ArcInput.h">
      <Filter>头文件</Filter>
    </ClInclude>
    <ClInclude Include="ArcRHI.h">
      <Filter>头文件</Filter>
    </ClInclude>
    <ClInclude Include="ArcGraphicSetting.h">
      <Filter>头文件</Filter>
    </ClInclude>
    <ClInclude Include="ArcTime.h">
      <Filter>头文件</Filter>
    </ClInclude>
    <ClInclude Include="ArcRenderer.h">
      <Filter>头文件</Filter>
    </ClInclude>
    <ClInclude Include="ArcMaterial.h">
      <Filter>头文件</Filter>
    </ClInclude>
    <ClInclude Include="ArcGameObject.h">
      <Filter>头文件</Filter>
    </ClInclude>
    <ClInclude Include="ArcBehaviour.h">
      <Filter>头文件</Filter>
    </ClInclude>
    <ClInclude Include="ArcTransform.h">
      <Filter>头文件</Filter>
    </ClInclude>
    <ClInclude Include="ArcMesh.h">
      <Filter>头文件</Filter>
    </ClInclude>
    <ClInclude Include="ArcApplication.h">
      <Filter>头文件</Filter>
    </ClInclude>
    <ClInclude Include="ArcMath.h">
      <Filter>头文件</Filter>
    </ClInclude>
    <ClInclude Include="SimpleVertexs.h">
      <Filter>头文件</Filter>
    </ClInclude>
    <ClInclude Include="ArcScene.h">
      <Filter>头文件</Filter>
    </ClInclude>
    <ClInclude Include="Light.h">
      <Filter>头文件</Filter>
    </ClInclude>
    <ClInclude Include="DriverSetting.h">
      <Filter>头文件</Filter>
    </ClInclude>
    <ClInclude Include="ArcAssetLoader.h">
      <Filter>头文件</Filter>
    </ClInclude>
    <ClInclude Include="ArcAssets.h">
      <Filter>头文件</Filter>
    </ClInclude>
    <ClInclude Include="ArcStructures.h">
      <Filter>头文件</Filter>
    </ClInclude>
    <ClInclude Include="RacingGameAssets.h">
      <Filter>RacingGame\头文件</Filter>
    </ClInclude>
    <ClInclude Include="ArcTexture.h">
      <Filter>头文件</Filter>
    </ClInclude>
    <ClInclude Include="Common\DDSTextureLoader.h">
      <Filter>Common</Filter>
    </ClInclude>
    <ClInclude Include="DebugCameraMove.h">
      <Filter>RacingGame\头文件</Filter>
    </ClInclude>
    <ClInclude Include="ArcGeometryGenerator.h">
      <Filter>头文件</Filter>
    </ClInclude>
    <ClInclude Include="SkyboxFollowCamera.h">
      <Filter>RacingGame\头文件</Filter>
    </ClInclude>
    <ClInclude Include="DebugApplication.h">
      <Filter>RacingGame\头文件</Filter>
    </ClInclude>
    <ClInclude Include="RacingGameApplication.h">
      <Filter>RacingGame\头文件</Filter>
    </ClInclude>
    <ClInclude Include="CarMove.h">
      <Filter>RacingGame\头文件</Filter>
    </ClInclude>
    <ClInclude Include="CameraController.h">
      <Filter>RacingGame\头文件</Filter>
    </ClInclude>
    <ClInclude Include="WheelMove.h">
      <Filter>RacingGame\头文件</Filter>
    </ClInclude>
    <ClInclude Include="tiny_obj_loader.h">
      <Filter>Common</Filter>
    </ClInclude>
    <ClInclude Include="Common\Keyboard.h">
      <Filter>Common</Filter>
    </ClInclude>
    <ClInclude Include="Common\Mouse.h">
      <Filter>Common</Filter>
    </ClInclude>
    <ClInclude Include="ArcRenderToTexture.h">
      <Filter>头文件</Filter>
    </ClInclude>
    <ClInclude Include="ShadowAssets.h">
      <Filter>Shadow\头文件</Filter>
    </ClInclude>
    <ClInclude Include="ShadowApplication.h">
      <Filter>Shadow\头文件</Filter>
    </ClInclude>
    <ClInclude Include="ShadowCameraController.h">
      <Filter>Shadow\头文件</Filter>
    </ClInclude>
    <ClInclude Include="ArcOrthoCamera.h">
      <Filter>头文件</Filter>
    </ClInclude>
    <ClInclude Include="ArcCameraBase.h">
      <Filter>头文件</Filter>
    </ClInclude>
    <ClInclude Include="ArcPrespCamera.h">
      <Filter>头文件</Filter>
    </ClInclude>
    <ClInclude Include="ArcAABB.h">
      <Filter>头文件</Filter>
    </ClInclude>
    <ClInclude Include="ArcBvhNode.h">
      <Filter>头文件</Filter>
    </ClInclude>
    <ClInclude Include="ArcAABBGenerator.h">
      <Filter>头文件</Filter>
    </ClInclude>
  </ItemGroup>
  <ItemGroup>
    <FxCompile Include="Shaders\TestBoxShader.fx">
      <Filter>Shaders</Filter>
    </FxCompile>
    <FxCompile Include="Shaders\SimpleShader.fx">
      <Filter>Shaders</Filter>
    </FxCompile>
    <FxCompile Include="Shaders\StandardShader.fx">
      <Filter>Shaders</Filter>
    </FxCompile>
    <FxCompile Include="Shaders\SkyBoxShader.fx">
      <Filter>Shaders</Filter>
    </FxCompile>
    <FxCompile Include="Shaders\DepthShader.fx">
      <Filter>Shaders</Filter>
    </FxCompile>
    <FxCompile Include="Shaders\CubeShader.fx">
      <Filter>Shaders</Filter>
    </FxCompile>
  </ItemGroup>
  <ItemGroup>
    <Object Include="Models\cornell_box.obj">
      <Filter>Models</Filter>
    </Object>
  </ItemGroup>
  <ItemGroup>
    <None Include="Models\cornell_box.mtl">
      <Filter>Models</Filter>
    </None>
  </ItemGroup>
</Project>